
Microsoft Visual Studio Solution File, Format Version 12.00
# Visual Studio Version 17
VisualStudioVersion = 17.7.34221.43
MinimumVisualStudioVersion = 10.0.40219.1
Project("{9A19103F-16F7-4668-BE54-9A1E7A4F7556}") = "Main Page", "Main Page.csproj", "{4F395E09-4825-4D7F-AE47-70504DE08C68}"
EndProject
Project("{9A19103F-16F7-4668-BE54-9A1E7A4F7556}") = "Login Page", "..\Login Page\Login Page.csproj", "{38364930-1BBD-43D0-AF9D-BC5112E2D489}"
EndProject
Project("{9A19103F-16F7-4668-BE54-9A1E7A4F7556}") = "Agreements Page", "..\Agreements Page\Agreements Page.csproj", "{7B154B9D-3905-4667-8955-6C7E702AA84F}"
EndProject
Project("{9A19103F-16F7-4668-BE54-9A1E7A4F7556}") = "Announcements Page", "..\Announcements Page\Announcements Page.csproj", "{787A1A42-CE6A-4DA8-9B3B-F608C72F5CEC}"
EndProject
Project("{9A19103F-16F7-4668-BE54-9A1E7A4F7556}") = "A 2.0", "..\House Rules\A 2.0.csproj", "{6E14E0B9-D918-49AD-A28B-D16EEE1068B2}"
EndProject
Project("{9A19103F-16F7-4668-BE54-9A1E7A4F7556}") = "WinFormsApp1", "..\Tasklist Page\WinFormsApp1\WinFormsApp1.csproj", "{93CB1867-BDAB-4283-9E1E-55E837627DB7}"
EndProject
Global
	GlobalSection(SolutionConfigurationPlatforms) = preSolution
		Debug|Any CPU = Debug|Any CPU
		Release|Any CPU = Release|Any CPU
	EndGlobalSection
	GlobalSection(ProjectConfigurationPlatforms) = postSolution
		{4F395E09-4825-4D7F-AE47-70504DE08C68}.Debug|Any CPU.ActiveCfg = Debug|Any CPU
		{4F395E09-4825-4D7F-AE47-70504DE08C68}.Debug|Any CPU.Build.0 = Debug|Any CPU
		{4F395E09-4825-4D7F-AE47-70504DE08C68}.Release|Any CPU.ActiveCfg = Release|Any CPU
		{4F395E09-4825-4D7F-AE47-70504DE08C68}.Release|Any CPU.Build.0 = Release|Any CPU
		{38364930-1BBD-43D0-AF9D-BC5112E2D489}.Debug|Any CPU.ActiveCfg = Debug|Any CPU
		{38364930-1BBD-43D0-AF9D-BC5112E2D489}.Debug|Any CPU.Build.0 = Debug|Any CPU
		{38364930-1BBD-43D0-AF9D-BC5112E2D489}.Release|Any CPU.ActiveCfg = Release|Any CPU
		{38364930-1BBD-43D0-AF9D-BC5112E2D489}.Release|Any CPU.Build.0 = Release|Any CPU
		{7B154B9D-3905-4667-8955-6C7E702AA84F}.Debug|Any CPU.ActiveCfg = Debug|Any CPU
		{7B154B9D-3905-4667-8955-6C7E702AA84F}.Debug|Any CPU.Build.0 = Debug|Any CPU
		{7B154B9D-3905-4667-8955-6C7E702AA84F}.Release|Any CPU.ActiveCfg = Release|Any CPU
		{7B154B9D-3905-4667-8955-6C7E702AA84F}.Release|Any CPU.Build.0 = Release|Any CPU
		{787A1A42-CE6A-4DA8-9B3B-F608C72F5CEC}.Debug|Any CPU.ActiveCfg = Debug|Any CPU
		{787A1A42-CE6A-4DA8-9B3B-F608C72F5CEC}.Debug|Any CPU.Build.0 = Debug|Any CPU
		{787A1A42-CE6A-4DA8-9B3B-F608C72F5CEC}.Release|Any CPU.ActiveCfg = Release|Any CPU
		{787A1A42-CE6A-4DA8-9B3B-F608C72F5CEC}.Release|Any CPU.Build.0 = Release|Any CPU
		{6E14E0B9-D918-49AD-A28B-D16EEE1068B2}.Debug|Any CPU.ActiveCfg = Debug|Any CPU
		{6E14E0B9-D918-49AD-A28B-D16EEE1068B2}.Debug|Any CPU.Build.0 = Debug|Any CPU
		{6E14E0B9-D918-49AD-A28B-D16EEE1068B2}.Release|Any CPU.ActiveCfg = Release|Any CPU
		{6E14E0B9-D918-49AD-A28B-D16EEE1068B2}.Release|Any CPU.Build.0 = Release|Any CPU
		{93CB1867-BDAB-4283-9E1E-55E837627DB7}.Debug|Any CPU.ActiveCfg = Debug|Any CPU
		{93CB1867-BDAB-4283-9E1E-55E837627DB7}.Debug|Any CPU.Build.0 = Debug|Any CPU
		{93CB1867-BDAB-4283-9E1E-55E837627DB7}.Release|Any CPU.ActiveCfg = Release|Any CPU
		{93CB1867-BDAB-4283-9E1E-55E837627DB7}.Release|Any CPU.Build.0 = Release|Any CPU
	EndGlobalSection
	GlobalSection(SolutionProperties) = preSolution
		HideSolutionNode = FALSE
	EndGlobalSection
	GlobalSection(ExtensibilityGlobals) = postSolution
		SolutionGuid = {35D28BEC-811D-4E86-8550-05BA5CA2706E}
	EndGlobalSection
EndGlobal
