
Microsoft Visual Studio Solution File, Format Version 12.00
# Visual Studio Version 17
VisualStudioVersion = 17.7.34221.43
MinimumVisualStudioVersion = 10.0.40219.1
Project("{FAE04EC0-301F-11D3-BF4B-00C04F79EFBC}") = "Announcements Page", "Announcements Page.csproj", "{C6BEDA75-62BB-489D-BEF7-BC2861E6FEFF}"
EndProject
Global
	GlobalSection(SolutionConfigurationPlatforms) = preSolution
		Debug|Any CPU = Debug|Any CPU
		Release|Any CPU = Release|Any CPU
	EndGlobalSection
	GlobalSection(ProjectConfigurationPlatforms) = postSolution
		{C6BEDA75-62BB-489D-BEF7-BC2861E6FEFF}.Debug|Any CPU.ActiveCfg = Debug|Any CPU
		{C6BEDA75-62BB-489D-BEF7-BC2861E6FEFF}.Debug|Any CPU.Build.0 = Debug|Any CPU
		{C6BEDA75-62BB-489D-BEF7-BC2861E6FEFF}.Release|Any CPU.ActiveCfg = Release|Any CPU
		{C6BEDA75-62BB-489D-BEF7-BC2861E6FEFF}.Release|Any CPU.Build.0 = Release|Any CPU
	EndGlobalSection
	GlobalSection(SolutionProperties) = preSolution
		HideSolutionNode = FALSE
	EndGlobalSection
	GlobalSection(ExtensibilityGlobals) = postSolution
		SolutionGuid = {AA573827-7A52-4F9E-9D75-5D449CECB703}
	EndGlobalSection
EndGlobal
